
Microsoft Visual Studio Solution File, Format Version 12.00
# Visual Studio Version 17
VisualStudioVersion = 17.11.35219.272
MinimumVisualStudioVersion = 10.0.40219.1
Project("{FAE04EC0-301F-11D3-BF4B-00C04F79EFBC}") = "Views", "Views\Views.csproj", "{D311FE46-C985-415C-9DB3-346AC10A744E}"
EndProject
Global
	GlobalSection(SolutionConfigurationPlatforms) = preSolution
		Debug|Any CPU = Debug|Any CPU
		Release|Any CPU = Release|Any CPU
	EndGlobalSection
	GlobalSection(ProjectConfigurationPlatforms) = postSolution
		{D311FE46-C985-415C-9DB3-346AC10A744E}.Debug|Any CPU.ActiveCfg = Debug|Any CPU
		{D311FE46-C985-415C-9DB3-346AC10A744E}.Debug|Any CPU.Build.0 = Debug|Any CPU
		{D311FE46-C985-415C-9DB3-346AC10A744E}.Release|Any CPU.ActiveCfg = Release|Any CPU
		{D311FE46-C985-415C-9DB3-346AC10A744E}.Release|Any CPU.Build.0 = Release|Any CPU
	EndGlobalSection
	GlobalSection(SolutionProperties) = preSolution
		HideSolutionNode = FALSE
	EndGlobalSection
	GlobalSection(ExtensibilityGlobals) = postSolution
		SolutionGuid = {4D212724-8035-48DF-949F-1E674A2EAE16}
	EndGlobalSection
EndGlobal
