
Microsoft Visual Studio Solution File, Format Version 12.00
# Visual Studio Version 17
VisualStudioVersion = 17.11.35219.272
MinimumVisualStudioVersion = 10.0.40219.1
Project("{FAE04EC0-301F-11D3-BF4B-00C04F79EFBC}") = "NqtLesson10", "NqtLesson10\NqtLesson10.csproj", "{19A96BC8-5EB7-4AD0-A1F7-80E98599A5E4}"
EndProject
Global
	GlobalSection(SolutionConfigurationPlatforms) = preSolution
		Debug|Any CPU = Debug|Any CPU
		Release|Any CPU = Release|Any CPU
	EndGlobalSection
	GlobalSection(ProjectConfigurationPlatforms) = postSolution
		{19A96BC8-5EB7-4AD0-A1F7-80E98599A5E4}.Debug|Any CPU.ActiveCfg = Debug|Any CPU
		{19A96BC8-5EB7-4AD0-A1F7-80E98599A5E4}.Debug|Any CPU.Build.0 = Debug|Any CPU
		{19A96BC8-5EB7-4AD0-A1F7-80E98599A5E4}.Release|Any CPU.ActiveCfg = Release|Any CPU
		{19A96BC8-5EB7-4AD0-A1F7-80E98599A5E4}.Release|Any CPU.Build.0 = Release|Any CPU
	EndGlobalSection
	GlobalSection(SolutionProperties) = preSolution
		HideSolutionNode = FALSE
	EndGlobalSection
	GlobalSection(ExtensibilityGlobals) = postSolution
		SolutionGuid = {68226342-2CF1-4ECD-A97C-B66EAB9EE72C}
	EndGlobalSection
EndGlobal
