
Microsoft Visual Studio Solution File, Format Version 12.00
# Visual Studio Version 17
VisualStudioVersion = 17.11.35219.272
MinimumVisualStudioVersion = 10.0.40219.1
Project("{FAE04EC0-301F-11D3-BF4B-00C04F79EFBC}") = "NqtLesson09", "NqtLesson09\NqtLesson09.csproj", "{18A2C978-D0EE-41AA-BC28-C5EAE537F9D7}"
EndProject
Global
	GlobalSection(SolutionConfigurationPlatforms) = preSolution
		Debug|Any CPU = Debug|Any CPU
		Release|Any CPU = Release|Any CPU
	EndGlobalSection
	GlobalSection(ProjectConfigurationPlatforms) = postSolution
		{18A2C978-D0EE-41AA-BC28-C5EAE537F9D7}.Debug|Any CPU.ActiveCfg = Debug|Any CPU
		{18A2C978-D0EE-41AA-BC28-C5EAE537F9D7}.Debug|Any CPU.Build.0 = Debug|Any CPU
		{18A2C978-D0EE-41AA-BC28-C5EAE537F9D7}.Release|Any CPU.ActiveCfg = Release|Any CPU
		{18A2C978-D0EE-41AA-BC28-C5EAE537F9D7}.Release|Any CPU.Build.0 = Release|Any CPU
	EndGlobalSection
	GlobalSection(SolutionProperties) = preSolution
		HideSolutionNode = FALSE
	EndGlobalSection
	GlobalSection(ExtensibilityGlobals) = postSolution
		SolutionGuid = {F74D0A4D-4AE5-4A51-8E28-A86DB6D6E771}
	EndGlobalSection
EndGlobal
